{
  "requires": true,
  "lockfileVersion": 1,
  "dependencies": {
    "kontra": {
      "version": "6.2.2",
      "resolved": "https://registry.npmjs.org/kontra/-/kontra-6.2.2.tgz",
      "integrity": "sha512-g8iVDnn5U5p39I8EXSC4dvQaos926YF6ZnvXgDQjfTmEvo9t8da8Q+SOa9LsAJcZWyxKqkpAFiZRVDknqG2dTA=="
    }
  }
}
